
Microsoft Visual Studio Solution File, Format Version 12.00
# Visual Studio Version 16
VisualStudioVersion = 16.0.30330.147
MinimumVisualStudioVersion = 10.0.40219.1
Project("{FAE04EC0-301F-11D3-BF4B-00C04F79EFBC}") = "AzureAdDemo1", "AzureAdDemo1.csproj", "{52D0701E-C150-4051-BBDE-62CA7686FD85}"
EndProject
Global
	GlobalSection(SolutionConfigurationPlatforms) = preSolution
		Debug|Any CPU = Debug|Any CPU
		Release|Any CPU = Release|Any CPU
	EndGlobalSection
	GlobalSection(ProjectConfigurationPlatforms) = postSolution
		{52D0701E-C150-4051-BBDE-62CA7686FD85}.Debug|Any CPU.ActiveCfg = Debug|Any CPU
		{52D0701E-C150-4051-BBDE-62CA7686FD85}.Debug|Any CPU.Build.0 = Debug|Any CPU
		{52D0701E-C150-4051-BBDE-62CA7686FD85}.Release|Any CPU.ActiveCfg = Release|Any CPU
		{52D0701E-C150-4051-BBDE-62CA7686FD85}.Release|Any CPU.Build.0 = Release|Any CPU
	EndGlobalSection
	GlobalSection(SolutionProperties) = preSolution
		HideSolutionNode = FALSE
	EndGlobalSection
	GlobalSection(ExtensibilityGlobals) = postSolution
		SolutionGuid = {E8B897E3-5DA9-44F5-8505-FCAC07CFC689}
	EndGlobalSection
EndGlobal
